
Microsoft Visual Studio Solution File, Format Version 12.00
# Visual Studio Version 17
VisualStudioVersion = 17.7.34024.191
MinimumVisualStudioVersion = 10.0.40219.1
Project("{9A19103F-16F7-4668-BE54-9A1E7A4F7556}") = "Stage0", "Stage0\Stage0.csproj", "{B9E58ECE-CCB4-4CA8-9D36-99CB61F1B693}"
EndProject
Project("{9A19103F-16F7-4668-BE54-9A1E7A4F7556}") = "DalFacade", "DalFacade\DalFacade.csproj", "{D63ED737-D47F-48A6-B847-1B1BE37F5AC3}"
EndProject
Project("{9A19103F-16F7-4668-BE54-9A1E7A4F7556}") = "DalList", "DalList\DalList.csproj", "{A6799AC3-9217-4108-960E-B732744EEE4E}"
EndProject
Project("{9A19103F-16F7-4668-BE54-9A1E7A4F7556}") = "DalTest", "DalTest\DalTest.csproj", "{F3D34445-4DDC-49DE-AB3C-7763F5447FA5}"
EndProject
Project("{9A19103F-16F7-4668-BE54-9A1E7A4F7556}") = "DalXml", "DalXml\DalXml.csproj", "{522F7B48-D155-46D0-A7E8-70B9650DB2F4}"
EndProject
Project("{2150E333-8FDC-42A3-9474-1A3956D46DE8}") = "xml", "xml", "{9961E74D-0013-46D4-A131-83A8208901B8}"
	ProjectSection(SolutionItems) = preProject
		xml\dal-config.xml = xml\dal-config.xml
		xml\data-config.xml = xml\data-config.xml
		xml\dependencies.xml = xml\dependencies.xml
		xml\engineers.xml = xml\engineers.xml
		xml\tasks.xml = xml\tasks.xml
	EndProjectSection
EndProject
Global
	GlobalSection(SolutionConfigurationPlatforms) = preSolution
		Debug|Any CPU = Debug|Any CPU
		Release|Any CPU = Release|Any CPU
	EndGlobalSection
	GlobalSection(ProjectConfigurationPlatforms) = postSolution
		{B9E58ECE-CCB4-4CA8-9D36-99CB61F1B693}.Debug|Any CPU.ActiveCfg = Debug|Any CPU
		{B9E58ECE-CCB4-4CA8-9D36-99CB61F1B693}.Debug|Any CPU.Build.0 = Debug|Any CPU
		{B9E58ECE-CCB4-4CA8-9D36-99CB61F1B693}.Release|Any CPU.ActiveCfg = Release|Any CPU
		{B9E58ECE-CCB4-4CA8-9D36-99CB61F1B693}.Release|Any CPU.Build.0 = Release|Any CPU
		{D63ED737-D47F-48A6-B847-1B1BE37F5AC3}.Debug|Any CPU.ActiveCfg = Debug|Any CPU
		{D63ED737-D47F-48A6-B847-1B1BE37F5AC3}.Debug|Any CPU.Build.0 = Debug|Any CPU
		{D63ED737-D47F-48A6-B847-1B1BE37F5AC3}.Release|Any CPU.ActiveCfg = Release|Any CPU
		{D63ED737-D47F-48A6-B847-1B1BE37F5AC3}.Release|Any CPU.Build.0 = Release|Any CPU
		{A6799AC3-9217-4108-960E-B732744EEE4E}.Debug|Any CPU.ActiveCfg = Debug|Any CPU
		{A6799AC3-9217-4108-960E-B732744EEE4E}.Debug|Any CPU.Build.0 = Debug|Any CPU
		{A6799AC3-9217-4108-960E-B732744EEE4E}.Release|Any CPU.ActiveCfg = Release|Any CPU
		{A6799AC3-9217-4108-960E-B732744EEE4E}.Release|Any CPU.Build.0 = Release|Any CPU
		{F3D34445-4DDC-49DE-AB3C-7763F5447FA5}.Debug|Any CPU.ActiveCfg = Debug|Any CPU
		{F3D34445-4DDC-49DE-AB3C-7763F5447FA5}.Debug|Any CPU.Build.0 = Debug|Any CPU
		{F3D34445-4DDC-49DE-AB3C-7763F5447FA5}.Release|Any CPU.ActiveCfg = Release|Any CPU
		{F3D34445-4DDC-49DE-AB3C-7763F5447FA5}.Release|Any CPU.Build.0 = Release|Any CPU
		{522F7B48-D155-46D0-A7E8-70B9650DB2F4}.Debug|Any CPU.ActiveCfg = Debug|Any CPU
		{522F7B48-D155-46D0-A7E8-70B9650DB2F4}.Debug|Any CPU.Build.0 = Debug|Any CPU
		{522F7B48-D155-46D0-A7E8-70B9650DB2F4}.Release|Any CPU.ActiveCfg = Release|Any CPU
		{522F7B48-D155-46D0-A7E8-70B9650DB2F4}.Release|Any CPU.Build.0 = Release|Any CPU
	EndGlobalSection
	GlobalSection(SolutionProperties) = preSolution
		HideSolutionNode = FALSE
	EndGlobalSection
	GlobalSection(ExtensibilityGlobals) = postSolution
		SolutionGuid = {4C36F9A4-CD06-4D63-9511-6F1A94525237}
	EndGlobalSection
EndGlobal
